
Microsoft Visual Studio Solution File, Format Version 12.00
# Visual Studio Version 17
VisualStudioVersion = 17.14.36414.22
MinimumVisualStudioVersion = 10.0.40219.1
Project("{2150E333-8FDC-42A3-9474-1A3956D46DE8}") = "Task0", "Task0", "{02EA681E-C7D8-13C7-8484-4AC65E1B71E8}"
EndProject
Project("{FAE04EC0-301F-11D3-BF4B-00C04F79EFBC}") = "Tyuiu.BabenkovTO.Sprint2.Task0.V17", "Tyuiu.BabenkovTO.Sprint2.Task0.V17\Tyuiu.BabenkovTO.Sprint2.Task0.V17.csproj", "{BC7808FB-F7B3-4E75-890A-2B2FFAC8DA3A}"
EndProject
Project("{FAE04EC0-301F-11D3-BF4B-00C04F79EFBC}") = "Tyuiu.BabenkovTO.Sprint2.Task0.V17.Lib", "Tyuiu.BabenkovTO.Sprint2.Task0.V17.Lib\Tyuiu.BabenkovTO.Sprint2.Task0.V17.Lib.csproj", "{19FEAA3A-6B01-4652-A1E2-FA8E82564BD0}"
EndProject
Project("{FAE04EC0-301F-11D3-BF4B-00C04F79EFBC}") = "Tyuiu.BabenkovTO.Sprint2.Task0.V17.Test", "Tyuiu.BabenkovTO.Sprint2.Task0.V17.Test\Tyuiu.BabenkovTO.Sprint2.Task0.V17.Test.csproj", "{DCFD6DDE-F7CA-4FAF-A3C8-6491156C880D}"
EndProject
Project("{2150E333-8FDC-42A3-9474-1A3956D46DE8}") = "Task1", "Task1", "{6F1A09B4-2432-4174-861F-2C15DCFAF1C2}"
EndProject
Project("{FAE04EC0-301F-11D3-BF4B-00C04F79EFBC}") = "Tyuiu.BabenkovTO.Sprint2.Task1.V23", "Tyuiu.BabenkovTO.Sprint2.Task1.V23\Tyuiu.BabenkovTO.Sprint2.Task1.V23.csproj", "{795004C9-F591-4C7F-8AB0-5D0E57627F97}"
EndProject
Project("{FAE04EC0-301F-11D3-BF4B-00C04F79EFBC}") = "Tyuiu.BabenkovTO.Sprint2.Task1.V23.Lib", "Tyuiu.BabenkovTO.Sprint2.Task1.V23.Lib\Tyuiu.BabenkovTO.Sprint2.Task1.V23.Lib.csproj", "{12DE05F6-4F52-4DE1-874B-5320C4360E09}"
EndProject
Project("{FAE04EC0-301F-11D3-BF4B-00C04F79EFBC}") = "Tyuiu.BabenkovTO.Sprint2.Task1.V23.Test", "Tyuiu.BabenkovTO.Sprint2.Task1.V23.Test\Tyuiu.BabenkovTO.Sprint2.Task1.V23.Test.csproj", "{50CE1551-8B32-4D26-9807-FEF66FF9C561}"
EndProject
Project("{2150E333-8FDC-42A3-9474-1A3956D46DE8}") = "Task2", "Task2", "{42D9888D-5F0B-4889-913D-4F7F62FAB196}"
EndProject
Project("{FAE04EC0-301F-11D3-BF4B-00C04F79EFBC}") = "Tyuiu.BabenkovTO.Sprint2.Task2.V29", "Tyuiu.BabenkovTO.Sprint2.Task2.V29\Tyuiu.BabenkovTO.Sprint2.Task2.V29.csproj", "{06D0C872-F5EF-4CF9-A8F2-822FA1AC1DCB}"
EndProject
Project("{FAE04EC0-301F-11D3-BF4B-00C04F79EFBC}") = "Tyuiu.BabenkovTO.Sprint2.Task2.V29.Lib", "Tyuiu.BabenkovTO.Sprint2.Task2.V29.Lib\Tyuiu.BabenkovTO.Sprint2.Task2.V29.Lib.csproj", "{527A3C4C-D608-4729-8D58-E8D29EBB63CA}"
EndProject
Project("{FAE04EC0-301F-11D3-BF4B-00C04F79EFBC}") = "Tyuiu.BabenkovTO.Sprint2.Task2.V29.Test", "Tyuiu.BabenkovTO.Sprint2.Task2.V29.Test\Tyuiu.BabenkovTO.Sprint2.Task2.V29.Test.csproj", "{A297296F-7BC6-474E-B4B0-BE6C0A84C928}"
EndProject
Project("{2150E333-8FDC-42A3-9474-1A3956D46DE8}") = "Task3", "Task3", "{EDFAFCB6-C510-43E8-8D6A-E3661F0B33C0}"
EndProject
Project("{FAE04EC0-301F-11D3-BF4B-00C04F79EFBC}") = "Tyuiu.BabenkovTO.Sprint2.Task3.V25", "Tyuiu.BabenkovTO.Sprint2.Task3.V25\Tyuiu.BabenkovTO.Sprint2.Task3.V25.csproj", "{8512FD2B-9F8F-4CA6-BC08-DBFE5C3049CA}"
EndProject
Project("{FAE04EC0-301F-11D3-BF4B-00C04F79EFBC}") = "Tyuiu.BabenkovTO.Sprint2.Task3.V25.Lib", "Tyuiu.BabenkovTO.Sprint2.Task3.V25.Lib\Tyuiu.BabenkovTO.Sprint2.Task3.V25.Lib.csproj", "{26F873A4-2342-48BB-9DCD-0D76FF884889}"
EndProject
Project("{FAE04EC0-301F-11D3-BF4B-00C04F79EFBC}") = "Tyuiu.BabenkovTO.Sprint2.Task3.V25.Test", "Tyuiu.BabenkovTO.Sprint2.Task3.V25.Test\Tyuiu.BabenkovTO.Sprint2.Task3.V25.Test.csproj", "{316AEDC5-E84F-4B1F-A89C-505151E35C09}"
EndProject
Project("{2150E333-8FDC-42A3-9474-1A3956D46DE8}") = "Task4", "Task4", "{9B5F0370-93F6-426F-8BAE-99826A5AA2C1}"
EndProject
Project("{FAE04EC0-301F-11D3-BF4B-00C04F79EFBC}") = "Tyuiu.BabenkovTO.Sprint2.Task4.V14", "Tyuiu.BabenkovTO.Sprint2.Task4.V14\Tyuiu.BabenkovTO.Sprint2.Task4.V14.csproj", "{612613A1-9C57-44E4-AED3-27F20ECFA796}"
EndProject
Project("{FAE04EC0-301F-11D3-BF4B-00C04F79EFBC}") = "Tyuiu.BabenkovTO.Sprint2.Task4.V14.Lib", "Tyuiu.BabenkovTO.Sprint2.Task4.V14.Lib\Tyuiu.BabenkovTO.Sprint2.Task4.V14.Lib.csproj", "{B1525071-BC2D-4639-8E92-98A002CA0067}"
EndProject
Project("{FAE04EC0-301F-11D3-BF4B-00C04F79EFBC}") = "Tyuiu.BabenkovTO.Sprint2.Task4.V14.Test", "Tyuiu.BabenkovTO.Sprint2.Task4.V14.Test\Tyuiu.BabenkovTO.Sprint2.Task4.V14.Test.csproj", "{9828BAC0-A3EA-4663-88C2-9E0E7E66F220}"
EndProject
Project("{2150E333-8FDC-42A3-9474-1A3956D46DE8}") = "Task5", "Task5", "{541950D5-7FF3-4042-927C-14218F53BF0A}"
EndProject
Project("{FAE04EC0-301F-11D3-BF4B-00C04F79EFBC}") = "Tyuiu.BabenkovTO.Sprint2.Task5.V4", "Tyuiu.BabenkovTO.Sprint2.Task5.V4\Tyuiu.BabenkovTO.Sprint2.Task5.V4.csproj", "{2B7219A9-C4AB-41A8-9A6D-9755DA010A73}"
EndProject
Project("{FAE04EC0-301F-11D3-BF4B-00C04F79EFBC}") = "Tyuiu.BabenkovTO.Sprint2.Task5.V4.Lib", "Tyuiu.BabenkovTO.Sprint2.Task5.V4.Lib\Tyuiu.BabenkovTO.Sprint2.Task5.V4.Lib.csproj", "{C6076474-ED19-4FA5-A69C-F21EFA7D97FB}"
EndProject
Project("{FAE04EC0-301F-11D3-BF4B-00C04F79EFBC}") = "Tyuiu.BabenkovTO.Sprint2.Task5.V4.Test", "Tyuiu.BabenkovTO.Sprint2.Task5.V4.Test\Tyuiu.BabenkovTO.Sprint2.Task5.V4.Test.csproj", "{B25EB18D-06EC-42A0-B246-5410F526700F}"
EndProject
Global
	GlobalSection(SolutionConfigurationPlatforms) = preSolution
		Debug|Any CPU = Debug|Any CPU
		Release|Any CPU = Release|Any CPU
	EndGlobalSection
	GlobalSection(ProjectConfigurationPlatforms) = postSolution
		{BC7808FB-F7B3-4E75-890A-2B2FFAC8DA3A}.Debug|Any CPU.ActiveCfg = Debug|Any CPU
		{BC7808FB-F7B3-4E75-890A-2B2FFAC8DA3A}.Debug|Any CPU.Build.0 = Debug|Any CPU
		{BC7808FB-F7B3-4E75-890A-2B2FFAC8DA3A}.Release|Any CPU.ActiveCfg = Release|Any CPU
		{BC7808FB-F7B3-4E75-890A-2B2FFAC8DA3A}.Release|Any CPU.Build.0 = Release|Any CPU
		{19FEAA3A-6B01-4652-A1E2-FA8E82564BD0}.Debug|Any CPU.ActiveCfg = Debug|Any CPU
		{19FEAA3A-6B01-4652-A1E2-FA8E82564BD0}.Debug|Any CPU.Build.0 = Debug|Any CPU
		{19FEAA3A-6B01-4652-A1E2-FA8E82564BD0}.Release|Any CPU.ActiveCfg = Release|Any CPU
		{19FEAA3A-6B01-4652-A1E2-FA8E82564BD0}.Release|Any CPU.Build.0 = Release|Any CPU
		{DCFD6DDE-F7CA-4FAF-A3C8-6491156C880D}.Debug|Any CPU.ActiveCfg = Debug|Any CPU
		{DCFD6DDE-F7CA-4FAF-A3C8-6491156C880D}.Debug|Any CPU.Build.0 = Debug|Any CPU
		{DCFD6DDE-F7CA-4FAF-A3C8-6491156C880D}.Release|Any CPU.ActiveCfg = Release|Any CPU
		{DCFD6DDE-F7CA-4FAF-A3C8-6491156C880D}.Release|Any CPU.Build.0 = Release|Any CPU
		{795004C9-F591-4C7F-8AB0-5D0E57627F97}.Debug|Any CPU.ActiveCfg = Debug|Any CPU
		{795004C9-F591-4C7F-8AB0-5D0E57627F97}.Debug|Any CPU.Build.0 = Debug|Any CPU
		{795004C9-F591-4C7F-8AB0-5D0E57627F97}.Release|Any CPU.ActiveCfg = Release|Any CPU
		{795004C9-F591-4C7F-8AB0-5D0E57627F97}.Release|Any CPU.Build.0 = Release|Any CPU
		{12DE05F6-4F52-4DE1-874B-5320C4360E09}.Debug|Any CPU.ActiveCfg = Debug|Any CPU
		{12DE05F6-4F52-4DE1-874B-5320C4360E09}.Debug|Any CPU.Build.0 = Debug|Any CPU
		{12DE05F6-4F52-4DE1-874B-5320C4360E09}.Release|Any CPU.ActiveCfg = Release|Any CPU
		{12DE05F6-4F52-4DE1-874B-5320C4360E09}.Release|Any CPU.Build.0 = Release|Any CPU
		{50CE1551-8B32-4D26-9807-FEF66FF9C561}.Debug|Any CPU.ActiveCfg = Debug|Any CPU
		{50CE1551-8B32-4D26-9807-FEF66FF9C561}.Debug|Any CPU.Build.0 = Debug|Any CPU
		{50CE1551-8B32-4D26-9807-FEF66FF9C561}.Release|Any CPU.ActiveCfg = Release|Any CPU
		{50CE1551-8B32-4D26-9807-FEF66FF9C561}.Release|Any CPU.Build.0 = Release|Any CPU
		{06D0C872-F5EF-4CF9-A8F2-822FA1AC1DCB}.Debug|Any CPU.ActiveCfg = Debug|Any CPU
		{06D0C872-F5EF-4CF9-A8F2-822FA1AC1DCB}.Debug|Any CPU.Build.0 = Debug|Any CPU
		{06D0C872-F5EF-4CF9-A8F2-822FA1AC1DCB}.Release|Any CPU.ActiveCfg = Release|Any CPU
		{06D0C872-F5EF-4CF9-A8F2-822FA1AC1DCB}.Release|Any CPU.Build.0 = Release|Any CPU
		{527A3C4C-D608-4729-8D58-E8D29EBB63CA}.Debug|Any CPU.ActiveCfg = Debug|Any CPU
		{527A3C4C-D608-4729-8D58-E8D29EBB63CA}.Debug|Any CPU.Build.0 = Debug|Any CPU
		{527A3C4C-D608-4729-8D58-E8D29EBB63CA}.Release|Any CPU.ActiveCfg = Release|Any CPU
		{527A3C4C-D608-4729-8D58-E8D29EBB63CA}.Release|Any CPU.Build.0 = Release|Any CPU
		{A297296F-7BC6-474E-B4B0-BE6C0A84C928}.Debug|Any CPU.ActiveCfg = Debug|Any CPU
		{A297296F-7BC6-474E-B4B0-BE6C0A84C928}.Debug|Any CPU.Build.0 = Debug|Any CPU
		{A297296F-7BC6-474E-B4B0-BE6C0A84C928}.Release|Any CPU.ActiveCfg = Release|Any CPU
		{A297296F-7BC6-474E-B4B0-BE6C0A84C928}.Release|Any CPU.Build.0 = Release|Any CPU
		{8512FD2B-9F8F-4CA6-BC08-DBFE5C3049CA}.Debug|Any CPU.ActiveCfg = Debug|Any CPU
		{8512FD2B-9F8F-4CA6-BC08-DBFE5C3049CA}.Debug|Any CPU.Build.0 = Debug|Any CPU
		{8512FD2B-9F8F-4CA6-BC08-DBFE5C3049CA}.Release|Any CPU.ActiveCfg = Release|Any CPU
		{8512FD2B-9F8F-4CA6-BC08-DBFE5C3049CA}.Release|Any CPU.Build.0 = Release|Any CPU
		{26F873A4-2342-48BB-9DCD-0D76FF884889}.Debug|Any CPU.ActiveCfg = Debug|Any CPU
		{26F873A4-2342-48BB-9DCD-0D76FF884889}.Debug|Any CPU.Build.0 = Debug|Any CPU
		{26F873A4-2342-48BB-9DCD-0D76FF884889}.Release|Any CPU.ActiveCfg = Release|Any CPU
		{26F873A4-2342-48BB-9DCD-0D76FF884889}.Release|Any CPU.Build.0 = Release|Any CPU
		{316AEDC5-E84F-4B1F-A89C-505151E35C09}.Debug|Any CPU.ActiveCfg = Debug|Any CPU
		{316AEDC5-E84F-4B1F-A89C-505151E35C09}.Debug|Any CPU.Build.0 = Debug|Any CPU
		{316AEDC5-E84F-4B1F-A89C-505151E35C09}.Release|Any CPU.ActiveCfg = Release|Any CPU
		{316AEDC5-E84F-4B1F-A89C-505151E35C09}.Release|Any CPU.Build.0 = Release|Any CPU
		{612613A1-9C57-44E4-AED3-27F20ECFA796}.Debug|Any CPU.ActiveCfg = Debug|Any CPU
		{612613A1-9C57-44E4-AED3-27F20ECFA796}.Debug|Any CPU.Build.0 = Debug|Any CPU
		{612613A1-9C57-44E4-AED3-27F20ECFA796}.Release|Any CPU.ActiveCfg = Release|Any CPU
		{612613A1-9C57-44E4-AED3-27F20ECFA796}.Release|Any CPU.Build.0 = Release|Any CPU
		{B1525071-BC2D-4639-8E92-98A002CA0067}.Debug|Any CPU.ActiveCfg = Debug|Any CPU
		{B1525071-BC2D-4639-8E92-98A002CA0067}.Debug|Any CPU.Build.0 = Debug|Any CPU
		{B1525071-BC2D-4639-8E92-98A002CA0067}.Release|Any CPU.ActiveCfg = Release|Any CPU
		{B1525071-BC2D-4639-8E92-98A002CA0067}.Release|Any CPU.Build.0 = Release|Any CPU
		{9828BAC0-A3EA-4663-88C2-9E0E7E66F220}.Debug|Any CPU.ActiveCfg = Debug|Any CPU
		{9828BAC0-A3EA-4663-88C2-9E0E7E66F220}.Debug|Any CPU.Build.0 = Debug|Any CPU
		{9828BAC0-A3EA-4663-88C2-9E0E7E66F220}.Release|Any CPU.ActiveCfg = Release|Any CPU
		{9828BAC0-A3EA-4663-88C2-9E0E7E66F220}.Release|Any CPU.Build.0 = Release|Any CPU
		{2B7219A9-C4AB-41A8-9A6D-9755DA010A73}.Debug|Any CPU.ActiveCfg = Debug|Any CPU
		{2B7219A9-C4AB-41A8-9A6D-9755DA010A73}.Debug|Any CPU.Build.0 = Debug|Any CPU
		{2B7219A9-C4AB-41A8-9A6D-9755DA010A73}.Release|Any CPU.ActiveCfg = Release|Any CPU
		{2B7219A9-C4AB-41A8-9A6D-9755DA010A73}.Release|Any CPU.Build.0 = Release|Any CPU
		{C6076474-ED19-4FA5-A69C-F21EFA7D97FB}.Debug|Any CPU.ActiveCfg = Debug|Any CPU
		{C6076474-ED19-4FA5-A69C-F21EFA7D97FB}.Debug|Any CPU.Build.0 = Debug|Any CPU
		{C6076474-ED19-4FA5-A69C-F21EFA7D97FB}.Release|Any CPU.ActiveCfg = Release|Any CPU
		{C6076474-ED19-4FA5-A69C-F21EFA7D97FB}.Release|Any CPU.Build.0 = Release|Any CPU
		{B25EB18D-06EC-42A0-B246-5410F526700F}.Debug|Any CPU.ActiveCfg = Debug|Any CPU
		{B25EB18D-06EC-42A0-B246-5410F526700F}.Debug|Any CPU.Build.0 = Debug|Any CPU
		{B25EB18D-06EC-42A0-B246-5410F526700F}.Release|Any CPU.ActiveCfg = Release|Any CPU
		{B25EB18D-06EC-42A0-B246-5410F526700F}.Release|Any CPU.Build.0 = Release|Any CPU
	EndGlobalSection
	GlobalSection(SolutionProperties) = preSolution
		HideSolutionNode = FALSE
	EndGlobalSection
	GlobalSection(NestedProjects) = preSolution
		{BC7808FB-F7B3-4E75-890A-2B2FFAC8DA3A} = {02EA681E-C7D8-13C7-8484-4AC65E1B71E8}
		{19FEAA3A-6B01-4652-A1E2-FA8E82564BD0} = {02EA681E-C7D8-13C7-8484-4AC65E1B71E8}
		{DCFD6DDE-F7CA-4FAF-A3C8-6491156C880D} = {02EA681E-C7D8-13C7-8484-4AC65E1B71E8}
		{795004C9-F591-4C7F-8AB0-5D0E57627F97} = {6F1A09B4-2432-4174-861F-2C15DCFAF1C2}
		{12DE05F6-4F52-4DE1-874B-5320C4360E09} = {6F1A09B4-2432-4174-861F-2C15DCFAF1C2}
		{50CE1551-8B32-4D26-9807-FEF66FF9C561} = {6F1A09B4-2432-4174-861F-2C15DCFAF1C2}
		{06D0C872-F5EF-4CF9-A8F2-822FA1AC1DCB} = {42D9888D-5F0B-4889-913D-4F7F62FAB196}
		{527A3C4C-D608-4729-8D58-E8D29EBB63CA} = {42D9888D-5F0B-4889-913D-4F7F62FAB196}
		{A297296F-7BC6-474E-B4B0-BE6C0A84C928} = {42D9888D-5F0B-4889-913D-4F7F62FAB196}
		{8512FD2B-9F8F-4CA6-BC08-DBFE5C3049CA} = {EDFAFCB6-C510-43E8-8D6A-E3661F0B33C0}
		{26F873A4-2342-48BB-9DCD-0D76FF884889} = {EDFAFCB6-C510-43E8-8D6A-E3661F0B33C0}
		{316AEDC5-E84F-4B1F-A89C-505151E35C09} = {EDFAFCB6-C510-43E8-8D6A-E3661F0B33C0}
		{612613A1-9C57-44E4-AED3-27F20ECFA796} = {9B5F0370-93F6-426F-8BAE-99826A5AA2C1}
		{B1525071-BC2D-4639-8E92-98A002CA0067} = {9B5F0370-93F6-426F-8BAE-99826A5AA2C1}
		{9828BAC0-A3EA-4663-88C2-9E0E7E66F220} = {9B5F0370-93F6-426F-8BAE-99826A5AA2C1}
		{2B7219A9-C4AB-41A8-9A6D-9755DA010A73} = {541950D5-7FF3-4042-927C-14218F53BF0A}
		{C6076474-ED19-4FA5-A69C-F21EFA7D97FB} = {541950D5-7FF3-4042-927C-14218F53BF0A}
		{B25EB18D-06EC-42A0-B246-5410F526700F} = {541950D5-7FF3-4042-927C-14218F53BF0A}
	EndGlobalSection
	GlobalSection(ExtensibilityGlobals) = postSolution
		SolutionGuid = {59255FEB-7575-4DD8-8859-E8163700E71B}
	EndGlobalSection
EndGlobal
